<?xml version="1.0" encoding="utf-8"?>
<Project ToolsVersion="4.0" xmlns="http://schemas.microsoft.com/developer/msbuild/2003">
  <ItemGroup>
    <Filter Include="Source Files">
      <UniqueIdentifier>{4FC737F1-C7A5-4376-A066-2A32D752A2FF}</UniqueIdentifier>
      <Extensions>cpp;c;cc;cxx;def;odl;idl;hpj;bat;asm;asmx</Extensions>
    </Filter>
    <Filter Include="Source Files\client">
      <UniqueIdentifier>{130b64e7-b42d-4fbf-ab7e-ad543ce085c0}</UniqueIdentifier>
    </Filter>
    <Filter Include="Source Files\common">
      <UniqueIdentifier>{c507301b-0f56-42d3-94f3-f21d13c4b85e}</UniqueIdentifier>
    </Filter>
    <Filter Include="Source Files\renderer">
      <UniqueIdentifier>{2bce6c76-2aa3-4d8e-9ee6-4009e394cd77}</UniqueIdentifier>
    </Filter>
    <Filter Include="Source Files\server">
      <UniqueIdentifier>{244f2ecc-121e-48f4-824f-146c29f6121a}</UniqueIdentifier>
    </Filter>
    <Filter Include="Source Files\sound">
      <UniqueIdentifier>{f8777bb6-d2ef-4e59-b5a9-8fcbc0a143cc}</UniqueIdentifier>
    </Filter>
    <Filter Include="Source Files\system">
      <UniqueIdentifier>{d859da68-80ee-46f8-92a3-f314e9c9fd5b}</UniqueIdentifier>
    </Filter>
    <Filter Include="Source Files\ui">
      <UniqueIdentifier>{d07d4bfa-6d58-46a5-b6d1-146df385b53f}</UniqueIdentifier>
    </Filter>
    <Filter Include="Header Files">
      <UniqueIdentifier>{93995380-89BD-4b04-88EB-625FBE52EBFB}</UniqueIdentifier>
      <Extensions>h;hpp;hxx;hm;inl;inc;xsd</Extensions>
    </Filter>
    <Filter Include="Resource Files">
      <UniqueIdentifier>{67DA6AB6-F800-4c08-8B7A-83BB121AAD01}</UniqueIdentifier>
      <Extensions>rc;ico;cur;bmp;dlg;rc2;rct;bin;rgs;gif;jpg;jpeg;jpe;resx;tiff;tif;png;wav</Extensions>
    </Filter>
  </ItemGroup>
  <ItemGroup>
    <ClCompile Include="..\..\client\cl_cin.c">
      <Filter>Source Files\client</Filter>
    </ClCompile>
    <ClCompile Include="..\..\client\cl_cinematic.c">
      <Filter>Source Files\client</Filter>
    </ClCompile>
    <ClCompile Include="..\..\client\cl_console.c">
      <Filter>Source Files\client</Filter>
    </ClCompile>
    <ClCompile Include="..\..\client\cl_download.c">
      <Filter>Source Files\client</Filter>
    </ClCompile>
    <ClCompile Include="..\..\client\cl_effects.c">
      <Filter>Source Files\client</Filter>
    </ClCompile>
    <ClCompile Include="..\..\client\cl_ents.c">
      <Filter>Source Files\client</Filter>
    </ClCompile>
    <ClCompile Include="..\..\client\cl_event.c">
      <Filter>Source Files\client</Filter>
    </ClCompile>
    <ClCompile Include="..\..\client\cl_http.c">
      <Filter>Source Files\client</Filter>
    </ClCompile>
    <ClCompile Include="..\..\client\cl_hud.c">
      <Filter>Source Files\client</Filter>
    </ClCompile>
    <ClCompile Include="..\..\client\cl_hud_script.c">
      <Filter>Source Files\client</Filter>
    </ClCompile>
    <ClCompile Include="..\..\client\cl_input.c">
      <Filter>Source Files\client</Filter>
    </ClCompile>
    <ClCompile Include="..\..\client\cl_keys.c">
      <Filter>Source Files\client</Filter>
    </ClCompile>
    <ClCompile Include="..\..\client\cl_lights.c">
      <Filter>Source Files\client</Filter>
    </ClCompile>
    <ClCompile Include="..\..\client\cl_loc.c">
      <Filter>Source Files\client</Filter>
    </ClCompile>
    <ClCompile Include="..\..\client\cl_main.c">
      <Filter>Source Files\client</Filter>
    </ClCompile>
    <ClCompile Include="..\..\client\cl_parse.c">
      <Filter>Source Files\client</Filter>
    </ClCompile>
    <ClCompile Include="..\..\client\cl_particle.c">
      <Filter>Source Files\client</Filter>
    </ClCompile>
    <ClCompile Include="..\..\client\cl_predict.c">
      <Filter>Source Files\client</Filter>
    </ClCompile>
    <ClCompile Include="..\..\client\cl_screen.c">
      <Filter>Source Files\client</Filter>
    </ClCompile>
    <ClCompile Include="..\..\client\cl_string.c">
      <Filter>Source Files\client</Filter>
    </ClCompile>
    <ClCompile Include="..\..\client\cl_tempent.c">
      <Filter>Source Files\client</Filter>
    </ClCompile>
    <ClCompile Include="..\..\client\cl_utils.c">
      <Filter>Source Files\client</Filter>
    </ClCompile>
    <ClCompile Include="..\..\client\cl_view.c">
      <Filter>Source Files\client</Filter>
    </ClCompile>
    <ClCompile Include="..\..\game\m_flash.c">
      <Filter>Source Files\client</Filter>
    </ClCompile>
    <ClCompile Include="..\..\client\x86.c">
      <Filter>Source Files\client</Filter>
    </ClCompile>
    <ClCompile Include="..\..\qcommon\cmd.c">
      <Filter>Source Files\common</Filter>
    </ClCompile>
    <ClCompile Include="..\..\qcommon\cmodel.c">
      <Filter>Source Files\common</Filter>
    </ClCompile>
    <ClCompile Include="..\..\qcommon\common.c">
      <Filter>Source Files\common</Filter>
    </ClCompile>
    <ClCompile Include="..\..\qcommon\crc.c">
      <Filter>Source Files\common</Filter>
    </ClCompile>
    <ClCompile Include="..\..\qcommon\cvar.c">
      <Filter>Source Files\common</Filter>
    </ClCompile>
    <ClCompile Include="..\..\qcommon\filesystem.c">
      <Filter>Source Files\common</Filter>
    </ClCompile>
    <ClCompile Include="..\..\qcommon\md4.c">
      <Filter>Source Files\common</Filter>
    </ClCompile>
    <ClCompile Include="..\..\qcommon\net_chan.c">
      <Filter>Source Files\common</Filter>
    </ClCompile>
    <ClCompile Include="..\..\qcommon\pmove.c">
      <Filter>Source Files\common</Filter>
    </ClCompile>
    <ClCompile Include="..\..\game\q_shared.c">
      <Filter>Source Files\common</Filter>
    </ClCompile>
    <ClCompile Include="..\..\qcommon\wildcard.c">
      <Filter>Source Files\common</Filter>
    </ClCompile>
    <ClCompile Include="..\..\renderer\r_alias.c">
      <Filter>Source Files\renderer</Filter>
    </ClCompile>
    <ClCompile Include="..\..\renderer\r_alias_misc.c">
      <Filter>Source Files\renderer</Filter>
    </ClCompile>
    <ClCompile Include="..\..\renderer\r_arb_program.c">
      <Filter>Source Files\renderer</Filter>
    </ClCompile>
    <ClCompile Include="..\..\renderer\r_backend.c">
      <Filter>Source Files\renderer</Filter>
    </ClCompile>
    <ClCompile Include="..\..\renderer\r_beam.c">
      <Filter>Source Files\renderer</Filter>
    </ClCompile>
    <ClCompile Include="..\..\renderer\r_bloom.c">
      <Filter>Source Files\renderer</Filter>
    </ClCompile>
    <ClCompile Include="..\..\renderer\r_draw.c">
      <Filter>Source Files\renderer</Filter>
    </ClCompile>
    <ClCompile Include="..\..\renderer\r_entity.c">
      <Filter>Source Files\renderer</Filter>
    </ClCompile>
    <ClCompile Include="..\..\renderer\r_fog.c">
      <Filter>Source Files\renderer</Filter>
    </ClCompile>
    <ClCompile Include="..\..\renderer\r_fragment.c">
      <Filter>Source Files\renderer</Filter>
    </ClCompile>
    <ClCompile Include="..\..\renderer\r_glstate.c">
      <Filter>Source Files\renderer</Filter>
    </ClCompile>
    <ClCompile Include="..\..\renderer\r_image.c">
      <Filter>Source Files\renderer</Filter>
    </ClCompile>
    <ClCompile Include="..\..\renderer\r_light.c">
      <Filter>Source Files\renderer</Filter>
    </ClCompile>
    <ClCompile Include="..\..\renderer\r_main.c">
      <Filter>Source Files\renderer</Filter>
    </ClCompile>
    <ClCompile Include="..\..\renderer\r_misc.c">
      <Filter>Source Files\renderer</Filter>
    </ClCompile>
    <ClCompile Include="..\..\renderer\r_model.c">
      <Filter>Source Files\renderer</Filter>
    </ClCompile>
    <ClCompile Include="..\..\renderer\r_particle.c">
      <Filter>Source Files\renderer</Filter>
    </ClCompile>
    <ClCompile Include="..\..\renderer\r_sky.c">
      <Filter>Source Files\renderer</Filter>
    </ClCompile>
    <ClCompile Include="..\..\renderer\r_sprite.c">
      <Filter>Source Files\renderer</Filter>
    </ClCompile>
    <ClCompile Include="..\..\renderer\r_surface.c">
      <Filter>Source Files\renderer</Filter>
    </ClCompile>
    <ClCompile Include="..\..\renderer\r_upscale.c">
      <Filter>Source Files\renderer</Filter>
    </ClCompile>
    <ClCompile Include="..\..\renderer\r_vlights.c">
      <Filter>Source Files\renderer</Filter>
    </ClCompile>
    <ClCompile Include="..\..\renderer\r_warp.c">
      <Filter>Source Files\renderer</Filter>
    </ClCompile>
    <ClCompile Include="..\..\win32\win_glimp.c">
      <Filter>Source Files\renderer</Filter>
    </ClCompile>
    <ClCompile Include="..\..\win32\win_qgl.c">
      <Filter>Source Files\renderer</Filter>
    </ClCompile>
    <ClCompile Include="..\..\server\sv_ccmds.c">
      <Filter>Source Files\server</Filter>
    </ClCompile>
    <ClCompile Include="..\..\server\sv_ents.c">
      <Filter>Source Files\server</Filter>
    </ClCompile>
    <ClCompile Include="..\..\server\sv_game.c">
      <Filter>Source Files\server</Filter>
    </ClCompile>
    <ClCompile Include="..\..\server\sv_init.c">
      <Filter>Source Files\server</Filter>
    </ClCompile>
    <ClCompile Include="..\..\server\sv_main.c">
      <Filter>Source Files\server</Filter>
    </ClCompile>
    <ClCompile Include="..\..\server\sv_send.c">
      <Filter>Source Files\server</Filter>
    </ClCompile>
    <ClCompile Include="..\..\server\sv_user.c">
      <Filter>Source Files\server</Filter>
    </ClCompile>
    <ClCompile Include="..\..\server\sv_world.c">
      <Filter>Source Files\server</Filter>
    </ClCompile>
    <ClCompile Include="..\..\client\snd_dma.c">
      <Filter>Source Files\sound</Filter>
    </ClCompile>
    <ClCompile Include="..\..\client\snd_mem.c">
      <Filter>Source Files\sound</Filter>
    </ClCompile>
    <ClCompile Include="..\..\client\snd_mix.c">
      <Filter>Source Files\sound</Filter>
    </ClCompile>
    <ClCompile Include="..\..\client\snd_stream.c">
      <Filter>Source Files\sound</Filter>
    </ClCompile>
    <ClCompile Include="..\..\win32\win_cd.c">
      <Filter>Source Files\sound</Filter>
    </ClCompile>
    <ClCompile Include="..\..\win32\win_snd.c">
      <Filter>Source Files\sound</Filter>
    </ClCompile>
    <ClCompile Include="..\..\win32\win_conproc.c">
      <Filter>Source Files\system</Filter>
    </ClCompile>
    <ClCompile Include="..\..\win32\win_dedconsole.c">
      <Filter>Source Files\system</Filter>
    </ClCompile>
    <ClCompile Include="..\..\win32\win_input.c">
      <Filter>Source Files\system</Filter>
    </ClCompile>
    <ClCompile Include="..\..\win32\win_main.c">
      <Filter>Source Files\system</Filter>
    </ClCompile>
    <ClCompile Include="..\..\win32\win_net.c">
      <Filter>Source Files\system</Filter>
    </ClCompile>
    <ClCompile Include="..\..\win32\win_qsh.c">
      <Filter>Source Files\system</Filter>
    </ClCompile>
    <ClCompile Include="..\..\win32\win_vid.c">
      <Filter>Source Files\system</Filter>
    </ClCompile>
    <ClCompile Include="..\..\win32\win_wndproc.c">
      <Filter>Source Files\system</Filter>
    </ClCompile>
    <ClCompile Include="..\..\ui\menu_apply_changes.c">
      <Filter>Source Files\ui</Filter>
    </ClCompile>
    <ClCompile Include="..\..\ui\menu_credits.c">
      <Filter>Source Files\ui</Filter>
    </ClCompile>
    <ClCompile Include="..\..\ui\menu_defaults_confirm.c">
      <Filter>Source Files\ui</Filter>
    </ClCompile>
    <ClCompile Include="..\..\ui\menu_game.c">
      <Filter>Source Files\ui</Filter>
    </ClCompile>
    <ClCompile Include="..\..\ui\menu_game_load.c">
      <Filter>Source Files\ui</Filter>
    </ClCompile>
    <ClCompile Include="..\..\ui\menu_game_save.c">
      <Filter>Source Files\ui</Filter>
    </ClCompile>
    <ClCompile Include="..\..\ui\menu_main.c">
      <Filter>Source Files\ui</Filter>
    </ClCompile>
    <ClCompile Include="..\..\ui\menu_mods.c">
      <Filter>Source Files\ui</Filter>
    </ClCompile>
    <ClCompile Include="..\..\ui\menu_mp_addressbook.c">
      <Filter>Source Files\ui</Filter>
    </ClCompile>
    <ClCompile Include="..\..\ui\menu_mp_dmoptions.c">
      <Filter>Source Files\ui</Filter>
    </ClCompile>
    <ClCompile Include="..\..\ui\menu_mp_download.c">
      <Filter>Source Files\ui</Filter>
    </ClCompile>
    <ClCompile Include="..\..\ui\menu_mp_joinserver.c">
      <Filter>Source Files\ui</Filter>
    </ClCompile>
    <ClCompile Include="..\..\ui\menu_mp_playersetup.c">
      <Filter>Source Files\ui</Filter>
    </ClCompile>
    <ClCompile Include="..\..\ui\menu_mp_startserver.c">
      <Filter>Source Files\ui</Filter>
    </ClCompile>
    <ClCompile Include="..\..\ui\menu_multiplayer.c">
      <Filter>Source Files\ui</Filter>
    </ClCompile>
    <ClCompile Include="..\..\ui\menu_options.c">
      <Filter>Source Files\ui</Filter>
    </ClCompile>
    <ClCompile Include="..\..\ui\menu_options_controls.c">
      <Filter>Source Files\ui</Filter>
    </ClCompile>
    <ClCompile Include="..\..\ui\menu_options_effects.c">
      <Filter>Source Files\ui</Filter>
    </ClCompile>
    <ClCompile Include="..\..\ui\menu_options_interface.c">
      <Filter>Source Files\ui</Filter>
    </ClCompile>
    <ClCompile Include="..\..\ui\menu_options_keys.c">
      <Filter>Source Files\ui</Filter>
    </ClCompile>
    <ClCompile Include="..\..\ui\menu_options_screen.c">
      <Filter>Source Files\ui</Filter>
    </ClCompile>
    <ClCompile Include="..\..\ui\menu_options_sound.c">
      <Filter>Source Files\ui</Filter>
    </ClCompile>
    <ClCompile Include="..\..\ui\menu_quit.c">
      <Filter>Source Files\ui</Filter>
    </ClCompile>
    <ClCompile Include="..\..\ui\menu_video.c">
      <Filter>Source Files\ui</Filter>
    </ClCompile>
    <ClCompile Include="..\..\ui\menu_video_advanced.c">
      <Filter>Source Files\ui</Filter>
    </ClCompile>
    <ClCompile Include="..\..\ui\ui_draw.c">
      <Filter>Source Files\ui</Filter>
    </ClCompile>
    <ClCompile Include="..\..\ui\ui_main.c">
      <Filter>Source Files\ui</Filter>
    </ClCompile>
    <ClCompile Include="..\..\ui\ui_menu.c">
      <Filter>Source Files\ui</Filter>
    </ClCompile>
    <ClCompile Include="..\..\ui\ui_mouse.c">
      <Filter>Source Files\ui</Filter>
    </ClCompile>
    <ClCompile Include="..\..\ui\ui_utils.c">
      <Filter>Source Files\ui</Filter>
    </ClCompile>
    <ClCompile Include="..\..\ui\ui_widgets.c">
      <Filter>Source Files\ui</Filter>
    </ClCompile>
    <ClCompile Include="..\..\client\cl_qcurl.c">
      <Filter>Source Files\client</Filter>
    </ClCompile>
  </ItemGroup>
  <ItemGroup>
    <ClInclude Include="..\..\client\anorms.h">
      <Filter>Header Files</Filter>
    </ClInclude>
    <ClInclude Include="..\..\client\cdaudio.h">
      <Filter>Header Files</Filter>
    </ClInclude>
    <ClInclude Include="..\..\client\cinematic.h">
      <Filter>Header Files</Filter>
    </ClInclude>
    <ClInclude Include="..\..\client\client.h">
      <Filter>Header Files</Filter>
    </ClInclude>
    <ClInclude Include="..\..\client\console.h">
      <Filter>Header Files</Filter>
    </ClInclude>
    <ClInclude Include="..\..\qcommon\filesystem.h">
      <Filter>Header Files</Filter>
    </ClInclude>
    <ClInclude Include="..\..\game\game.h">
      <Filter>Header Files</Filter>
    </ClInclude>
    <ClInclude Include="..\..\renderer\glext.h">
      <Filter>Header Files</Filter>
    </ClInclude>
    <ClInclude Include="..\..\client\input.h">
      <Filter>Header Files</Filter>
    </ClInclude>
    <ClInclude Include="..\..\client\keys.h">
      <Filter>Header Files</Filter>
    </ClInclude>
    <ClInclude Include="..\..\client\particles.h">
      <Filter>Header Files</Filter>
    </ClInclude>
    <ClInclude Include="..\..\client\q2palette.h">
      <Filter>Header Files</Filter>
    </ClInclude>
    <ClInclude Include="..\..\game\q_shared.h">
      <Filter>Header Files</Filter>
    </ClInclude>
    <ClInclude Include="..\..\qcommon\qcommon.h">
      <Filter>Header Files</Filter>
    </ClInclude>
    <ClInclude Include="..\..\qcommon\qfiles.h">
      <Filter>Header Files</Filter>
    </ClInclude>
    <ClInclude Include="..\..\renderer\qgl.h">
      <Filter>Header Files</Filter>
    </ClInclude>
    <ClInclude Include="..\..\renderer\r_alias.h">
      <Filter>Header Files</Filter>
    </ClInclude>
    <ClInclude Include="..\..\renderer\r_local.h">
      <Filter>Header Files</Filter>
    </ClInclude>
    <ClInclude Include="..\..\renderer\r_model.h">
      <Filter>Header Files</Filter>
    </ClInclude>
    <ClInclude Include="..\..\client\ref.h">
      <Filter>Header Files</Filter>
    </ClInclude>
    <ClInclude Include="..\..\client\screen.h">
      <Filter>Header Files</Filter>
    </ClInclude>
    <ClInclude Include="..\..\server\server.h">
      <Filter>Header Files</Filter>
    </ClInclude>
    <ClInclude Include="..\..\client\snd_loc.h">
      <Filter>Header Files</Filter>
    </ClInclude>
    <ClInclude Include="..\..\client\snd_ogg.h">
      <Filter>Header Files</Filter>
    </ClInclude>
    <ClInclude Include="..\..\client\sound.h">
      <Filter>Header Files</Filter>
    </ClInclude>
    <ClInclude Include="..\..\client\vid.h">
      <Filter>Header Files</Filter>
    </ClInclude>
    <ClInclude Include="..\..\qcommon\vid_modes.h">
      <Filter>Header Files</Filter>
    </ClInclude>
    <ClInclude Include="..\..\win32\win_glw.h">
      <Filter>Header Files</Filter>
    </ClInclude>
    <ClInclude Include="..\..\win32\winquake.h">
      <Filter>Header Files</Filter>
    </ClInclude>
    <ClInclude Include="..\..\ui\ui_local.h">
      <Filter>Header Files</Filter>
    </ClInclude>
    <ClInclude Include="..\..\client\qcurl.h">
      <Filter>Header Files</Filter>
    </ClInclude>
  </ItemGroup>
  <ItemGroup>
    <None Include="..\..\win32\kmq2.ico">
      <Filter>Resource Files</Filter>
    </None>
    <None Include="..\..\win32\q2mp1.ico">
      <Filter>Resource Files</Filter>
    </None>
    <None Include="..\..\win32\q2mp2.ico">
      <Filter>Resource Files</Filter>
    </None>
    <None Include="..\..\win32\startup2.bmp">
      <Filter>Resource Files</Filter>
    </None>
    <None Include="..\..\win32\startup2beta.bmp">
      <Filter>Resource Files</Filter>
    </None>
  </ItemGroup>
  <ItemGroup>
    <ResourceCompile Include="kmq2_2010.rc">
      <Filter>Resource Files</Filter>
    </ResourceCompile>
  </ItemGroup>
</Project>