
Microsoft Visual Studio Solution File, Format Version 10.00
# Visual Studio 2008
Project("{8BC9CEB8-8B4A-11D0-8D11-00A0C91BC942}") = "kmquake2", "kmquake2_2008.vcproj", "{B4166FE2-C910-4030-876A-1D5BFA9B7212}"
	ProjectSection(ProjectDependencies) = postProject
		{C9B4F33B-E4CE-4F97-97AD-7C721CB64064} = {C9B4F33B-E4CE-4F97-97AD-7C721CB64064}
		{6204246C-CE4D-486D-8930-DBBB6D808318} = {6204246C-CE4D-486D-8930-DBBB6D808318}
		{74CF3E71-1F3D-497B-83B7-20C9B0EA3115} = {74CF3E71-1F3D-497B-83B7-20C9B0EA3115}
		{6A2A75B2-12FB-4C37-81D8-CDA6E5C937A3} = {6A2A75B2-12FB-4C37-81D8-CDA6E5C937A3}
	EndProjectSection
EndProject
Project("{8BC9CEB8-8B4A-11D0-8D11-00A0C91BC942}") = "lazarus", "lazarus_2008.vcproj", "{22B1C86F-AE95-4E8E-AB32-43D95D1D7842}"
EndProject
Project("{8BC9CEB8-8B4A-11D0-8D11-00A0C91BC942}") = "extractfuncs", "extractfuncs_2008.vcproj", "{0BF8CEBA-A986-49C3-A2E7-F013423DA338}"
EndProject
Project("{8BC9CEB8-8B4A-11D0-8D11-00A0C91BC942}") = "steam_wrapper", "steam_wrapper_2008.vcproj", "{F012CF84-B741-418B-9633-77C406FE8F13}"
EndProject
Project("{8BC9CEB8-8B4A-11D0-8D11-00A0C91BC942}") = "libjpeg", "libjpeg_2008.vcproj", "{74CF3E71-1F3D-497B-83B7-20C9B0EA3115}"
EndProject
Project("{8BC9CEB8-8B4A-11D0-8D11-00A0C91BC942}") = "liboggvorbis", "liboggvorbis_2008.vcproj", "{C9B4F33B-E4CE-4F97-97AD-7C721CB64064}"
EndProject
Project("{8BC9CEB8-8B4A-11D0-8D11-00A0C91BC942}") = "libpng", "libpng_2008.vcproj", "{6204246C-CE4D-486D-8930-DBBB6D808318}"
EndProject
Project("{8BC9CEB8-8B4A-11D0-8D11-00A0C91BC942}") = "zlib", "zlib_2008.vcproj", "{6A2A75B2-12FB-4C37-81D8-CDA6E5C937A3}"
EndProject
Global
	GlobalSection(SolutionConfigurationPlatforms) = preSolution
		Debug|Win32 = Debug|Win32
		Debug|x64 = Debug|x64
		Release|Win32 = Release|Win32
		Release|x64 = Release|x64
	EndGlobalSection
	GlobalSection(ProjectConfigurationPlatforms) = postSolution
		{B4166FE2-C910-4030-876A-1D5BFA9B7212}.Debug|Win32.ActiveCfg = Debug|Win32
		{B4166FE2-C910-4030-876A-1D5BFA9B7212}.Debug|Win32.Build.0 = Debug|Win32
		{B4166FE2-C910-4030-876A-1D5BFA9B7212}.Debug|x64.ActiveCfg = Debug|x64
		{B4166FE2-C910-4030-876A-1D5BFA9B7212}.Debug|x64.Build.0 = Debug|x64
		{B4166FE2-C910-4030-876A-1D5BFA9B7212}.Release|Win32.ActiveCfg = Release|Win32
		{B4166FE2-C910-4030-876A-1D5BFA9B7212}.Release|Win32.Build.0 = Release|Win32
		{B4166FE2-C910-4030-876A-1D5BFA9B7212}.Release|x64.ActiveCfg = Release|x64
		{B4166FE2-C910-4030-876A-1D5BFA9B7212}.Release|x64.Build.0 = Release|x64
		{22B1C86F-AE95-4E8E-AB32-43D95D1D7842}.Debug|Win32.ActiveCfg = Debug|Win32
		{22B1C86F-AE95-4E8E-AB32-43D95D1D7842}.Debug|Win32.Build.0 = Debug|Win32
		{22B1C86F-AE95-4E8E-AB32-43D95D1D7842}.Debug|x64.ActiveCfg = Debug|x64
		{22B1C86F-AE95-4E8E-AB32-43D95D1D7842}.Debug|x64.Build.0 = Debug|x64
		{22B1C86F-AE95-4E8E-AB32-43D95D1D7842}.Release|Win32.ActiveCfg = Release|Win32
		{22B1C86F-AE95-4E8E-AB32-43D95D1D7842}.Release|Win32.Build.0 = Release|Win32
		{22B1C86F-AE95-4E8E-AB32-43D95D1D7842}.Release|x64.ActiveCfg = Release|x64
		{22B1C86F-AE95-4E8E-AB32-43D95D1D7842}.Release|x64.Build.0 = Release|x64
		{0BF8CEBA-A986-49C3-A2E7-F013423DA338}.Debug|Win32.ActiveCfg = Debug|Win32
		{0BF8CEBA-A986-49C3-A2E7-F013423DA338}.Debug|Win32.Build.0 = Debug|Win32
		{0BF8CEBA-A986-49C3-A2E7-F013423DA338}.Debug|x64.ActiveCfg = Debug|x64
		{0BF8CEBA-A986-49C3-A2E7-F013423DA338}.Debug|x64.Build.0 = Debug|x64
		{0BF8CEBA-A986-49C3-A2E7-F013423DA338}.Release|Win32.ActiveCfg = Release|Win32
		{0BF8CEBA-A986-49C3-A2E7-F013423DA338}.Release|Win32.Build.0 = Release|Win32
		{0BF8CEBA-A986-49C3-A2E7-F013423DA338}.Release|x64.ActiveCfg = Release|x64
		{0BF8CEBA-A986-49C3-A2E7-F013423DA338}.Release|x64.Build.0 = Release|x64
		{F012CF84-B741-418B-9633-77C406FE8F13}.Debug|Win32.ActiveCfg = Debug|Win32
		{F012CF84-B741-418B-9633-77C406FE8F13}.Debug|Win32.Build.0 = Debug|Win32
		{F012CF84-B741-418B-9633-77C406FE8F13}.Debug|x64.ActiveCfg = Debug|x64
		{F012CF84-B741-418B-9633-77C406FE8F13}.Release|Win32.ActiveCfg = Release|Win32
		{F012CF84-B741-418B-9633-77C406FE8F13}.Release|Win32.Build.0 = Release|Win32
		{F012CF84-B741-418B-9633-77C406FE8F13}.Release|x64.ActiveCfg = Release|x64
		{F012CF84-B741-418B-9633-77C406FE8F13}.Release|x64.Build.0 = Release|x64
		{74CF3E71-1F3D-497B-83B7-20C9B0EA3115}.Debug|Win32.ActiveCfg = Debug|Win32
		{74CF3E71-1F3D-497B-83B7-20C9B0EA3115}.Debug|Win32.Build.0 = Debug|Win32
		{74CF3E71-1F3D-497B-83B7-20C9B0EA3115}.Debug|x64.ActiveCfg = Debug|x64
		{74CF3E71-1F3D-497B-83B7-20C9B0EA3115}.Debug|x64.Build.0 = Debug|x64
		{74CF3E71-1F3D-497B-83B7-20C9B0EA3115}.Release|Win32.ActiveCfg = Release|Win32
		{74CF3E71-1F3D-497B-83B7-20C9B0EA3115}.Release|Win32.Build.0 = Release|Win32
		{74CF3E71-1F3D-497B-83B7-20C9B0EA3115}.Release|x64.ActiveCfg = Release|x64
		{74CF3E71-1F3D-497B-83B7-20C9B0EA3115}.Release|x64.Build.0 = Release|x64
		{C9B4F33B-E4CE-4F97-97AD-7C721CB64064}.Debug|Win32.ActiveCfg = Debug|Win32
		{C9B4F33B-E4CE-4F97-97AD-7C721CB64064}.Debug|Win32.Build.0 = Debug|Win32
		{C9B4F33B-E4CE-4F97-97AD-7C721CB64064}.Debug|x64.ActiveCfg = Debug|x64
		{C9B4F33B-E4CE-4F97-97AD-7C721CB64064}.Debug|x64.Build.0 = Debug|x64
		{C9B4F33B-E4CE-4F97-97AD-7C721CB64064}.Release|Win32.ActiveCfg = Release|Win32
		{C9B4F33B-E4CE-4F97-97AD-7C721CB64064}.Release|Win32.Build.0 = Release|Win32
		{C9B4F33B-E4CE-4F97-97AD-7C721CB64064}.Release|x64.ActiveCfg = Release|x64
		{C9B4F33B-E4CE-4F97-97AD-7C721CB64064}.Release|x64.Build.0 = Release|x64
		{6204246C-CE4D-486D-8930-DBBB6D808318}.Debug|Win32.ActiveCfg = Debug|Win32
		{6204246C-CE4D-486D-8930-DBBB6D808318}.Debug|Win32.Build.0 = Debug|Win32
		{6204246C-CE4D-486D-8930-DBBB6D808318}.Debug|x64.ActiveCfg = Debug|x64
		{6204246C-CE4D-486D-8930-DBBB6D808318}.Debug|x64.Build.0 = Debug|x64
		{6204246C-CE4D-486D-8930-DBBB6D808318}.Release|Win32.ActiveCfg = Release|Win32
		{6204246C-CE4D-486D-8930-DBBB6D808318}.Release|Win32.Build.0 = Release|Win32
		{6204246C-CE4D-486D-8930-DBBB6D808318}.Release|x64.ActiveCfg = Release|x64
		{6204246C-CE4D-486D-8930-DBBB6D808318}.Release|x64.Build.0 = Release|x64
		{6A2A75B2-12FB-4C37-81D8-CDA6E5C937A3}.Debug|Win32.ActiveCfg = Debug|Win32
		{6A2A75B2-12FB-4C37-81D8-CDA6E5C937A3}.Debug|Win32.Build.0 = Debug|Win32
		{6A2A75B2-12FB-4C37-81D8-CDA6E5C937A3}.Debug|x64.ActiveCfg = Debug|x64
		{6A2A75B2-12FB-4C37-81D8-CDA6E5C937A3}.Debug|x64.Build.0 = Debug|x64
		{6A2A75B2-12FB-4C37-81D8-CDA6E5C937A3}.Release|Win32.ActiveCfg = Release|Win32
		{6A2A75B2-12FB-4C37-81D8-CDA6E5C937A3}.Release|Win32.Build.0 = Release|Win32
		{6A2A75B2-12FB-4C37-81D8-CDA6E5C937A3}.Release|x64.ActiveCfg = Release|x64
		{6A2A75B2-12FB-4C37-81D8-CDA6E5C937A3}.Release|x64.Build.0 = Release|x64
	EndGlobalSection
	GlobalSection(SolutionProperties) = preSolution
		HideSolutionNode = FALSE
	EndGlobalSection
EndGlobal
